<?xml version="1.0" encoding="utf-8"?>
<Project ToolsVersion="4.0" xmlns="http://schemas.microsoft.com/developer/msbuild/2003">
  <ItemGroup>
    <Filter Include="Source Files">
      <UniqueIdentifier>{4FC737F1-C7A5-4376-A066-2A32D752A2FF}</UniqueIdentifier>
      <Extensions>cpp;c;cc;cxx;def;odl;idl;hpj;bat;asm;asmx</Extensions>
    </Filter>
    <Filter Include="Header Files">
      <UniqueIdentifier>{93995380-89BD-4b04-88EB-625FBE52EBFB}</UniqueIdentifier>
      <Extensions>h;hh;hpp;hxx;hm;inl;inc;xsd</Extensions>
    </Filter>
    <Filter Include="Resource Files">
      <UniqueIdentifier>{67DA6AB6-F800-4c08-8B7A-83BB121AAD01}</UniqueIdentifier>
      <Extensions>rc;ico;cur;bmp;dlg;rc2;rct;bin;rgs;gif;jpg;jpeg;jpe;resx;tiff;tif;png;wav;mfcribbon-ms</Extensions>
    </Filter>
    <Filter Include="Resource Files\Island">
      <UniqueIdentifier>{6bd2feda-d494-4e68-8964-156a451f5b75}</UniqueIdentifier>
    </Filter>
    <Filter Include="Resource Files\Tesselation">
      <UniqueIdentifier>{1cf7f94b-cad1-452f-bb81-d03bbf0428f1}</UniqueIdentifier>
    </Filter>
    <Filter Include="Resource Files\Water">
      <UniqueIdentifier>{bace9165-bc5a-4a62-8dd3-5bd432fa24df}</UniqueIdentifier>
    </Filter>
  </ItemGroup>
  <ItemGroup>
    <ClCompile Include="App1.cpp">
      <Filter>Source Files</Filter>
    </ClCompile>
    <ClCompile Include="Main.cpp">
      <Filter>Source Files</Filter>
    </ClCompile>
    <ClCompile Include="IslandShader.cpp">
      <Filter>Source Files</Filter>
    </ClCompile>
    <ClCompile Include="TesselatedPlaneMesh.cpp">
      <Filter>Source Files</Filter>
    </ClCompile>
    <ClCompile Include="PointLight.cpp">
      <Filter>Source Files</Filter>
    </ClCompile>
    <ClCompile Include="colorShader.cpp">
      <Filter>Source Files</Filter>
    </ClCompile>
    <ClCompile Include="WaterShader.cpp">
      <Filter>Source Files</Filter>
    </ClCompile>
  </ItemGroup>
  <ItemGroup>
    <ClInclude Include="App1.h">
      <Filter>Header Files</Filter>
    </ClInclude>
    <ClInclude Include="IslandShader.h">
      <Filter>Header Files</Filter>
    </ClInclude>
    <ClInclude Include="TesselatedPlaneMesh.h">
      <Filter>Header Files</Filter>
    </ClInclude>
    <ClInclude Include="PointLight.h">
      <Filter>Header Files</Filter>
    </ClInclude>
    <ClInclude Include="colorShader.h">
      <Filter>Header Files</Filter>
    </ClInclude>
    <ClInclude Include="WaterShader.h">
      <Filter>Header Files</Filter>
    </ClInclude>
  </ItemGroup>
  <ItemGroup>
    <FxCompile Include="shaders\tessellation_ds.hlsl">
      <Filter>Resource Files\Tesselation</Filter>
    </FxCompile>
    <FxCompile Include="shaders\tessellation_hs.hlsl">
      <Filter>Resource Files\Tesselation</Filter>
    </FxCompile>
    <FxCompile Include="shaders\tessellation_ps.hlsl">
      <Filter>Resource Files\Tesselation</Filter>
    </FxCompile>
    <FxCompile Include="shaders\tessellation_vs.hlsl">
      <Filter>Resource Files\Tesselation</Filter>
    </FxCompile>
    <FxCompile Include="shaders\islandPS.hlsl">
      <Filter>Resource Files\Island</Filter>
    </FxCompile>
    <FxCompile Include="shaders\islandVS.hlsl">
      <Filter>Resource Files\Island</Filter>
    </FxCompile>
    <FxCompile Include="shaders\islandDS.hlsl">
      <Filter>Resource Files\Island</Filter>
    </FxCompile>
    <FxCompile Include="shaders\islandHS.hlsl">
      <Filter>Resource Files\Island</Filter>
    </FxCompile>
    <FxCompile Include="colorPS.hlsl">
      <Filter>Resource Files</Filter>
    </FxCompile>
    <FxCompile Include="colorVS.hlsl">
      <Filter>Resource Files</Filter>
    </FxCompile>
    <FxCompile Include="shaders\waterHS.hlsl">
      <Filter>Resource Files\Water</Filter>
    </FxCompile>
    <FxCompile Include="shaders\waterPS.hlsl">
      <Filter>Resource Files\Water</Filter>
    </FxCompile>
    <FxCompile Include="shaders\waterVS.hlsl">
      <Filter>Resource Files\Water</Filter>
    </FxCompile>
    <FxCompile Include="shaders\waterDS.hlsl">
      <Filter>Resource Files\Water</Filter>
    </FxCompile>
  </ItemGroup>
</Project>